
Microsoft Visual Studio Solution File, Format Version 12.00
# Visual Studio Version 17
VisualStudioVersion = 17.4.33205.214
MinimumVisualStudioVersion = 10.0.40219.1
Project("{FAE04EC0-301F-11D3-BF4B-00C04F79EFBC}") = "DIZILER2", "DIZILER2\DIZILER2.csproj", "{D75F9F78-1234-4138-BDF7-BE355156B413}"
EndProject
Global
	GlobalSection(SolutionConfigurationPlatforms) = preSolution
		Debug|Any CPU = Debug|Any CPU
		Release|Any CPU = Release|Any CPU
	EndGlobalSection
	GlobalSection(ProjectConfigurationPlatforms) = postSolution
		{D75F9F78-1234-4138-BDF7-BE355156B413}.Debug|Any CPU.ActiveCfg = Debug|Any CPU
		{D75F9F78-1234-4138-BDF7-BE355156B413}.Debug|Any CPU.Build.0 = Debug|Any CPU
		{D75F9F78-1234-4138-BDF7-BE355156B413}.Release|Any CPU.ActiveCfg = Release|Any CPU
		{D75F9F78-1234-4138-BDF7-BE355156B413}.Release|Any CPU.Build.0 = Release|Any CPU
	EndGlobalSection
	GlobalSection(SolutionProperties) = preSolution
		HideSolutionNode = FALSE
	EndGlobalSection
	GlobalSection(ExtensibilityGlobals) = postSolution
		SolutionGuid = {958ABBB9-0C77-404C-8763-9D24CCB04B1C}
	EndGlobalSection
EndGlobal
